{
  "requires": true,
  "lockfileVersion": 1,
  "dependencies": {
    "aferrercrafter-frame-print": {
      "version": "1.0.0",
      "resolved": "https://registry.npmjs.org/aferrercrafter-frame-print/-/aferrercrafter-frame-print-1.0.0.tgz",
      "integrity": "sha512-tFppSRaomhvo0grr9tu0H//lEiQwr7Ziq+zGUJSn1pi06LKn6f/esW2UPVjBg7w1lOf/BY144CR8hMiIxiS7lQ=="
    }
  }
}
